
Microsoft Visual Studio Solution File, Format Version 12.00
# Visual Studio Version 17
VisualStudioVersion = 17.3.32922.545
MinimumVisualStudioVersion = 10.0.40219.1
Project("{FAE04EC0-301F-11D3-BF4B-00C04F79EFBC}") = "SMTP", "SMTP\SMTP.csproj", "{13BFE80D-7267-4878-BFFF-47B0C28D5BFF}"
EndProject
Global
	GlobalSection(SolutionConfigurationPlatforms) = preSolution
		Debug|Any CPU = Debug|Any CPU
		Release|Any CPU = Release|Any CPU
	EndGlobalSection
	GlobalSection(ProjectConfigurationPlatforms) = postSolution
		{13BFE80D-7267-4878-BFFF-47B0C28D5BFF}.Debug|Any CPU.ActiveCfg = Debug|Any CPU
		{13BFE80D-7267-4878-BFFF-47B0C28D5BFF}.Debug|Any CPU.Build.0 = Debug|Any CPU
		{13BFE80D-7267-4878-BFFF-47B0C28D5BFF}.Release|Any CPU.ActiveCfg = Release|Any CPU
		{13BFE80D-7267-4878-BFFF-47B0C28D5BFF}.Release|Any CPU.Build.0 = Release|Any CPU
	EndGlobalSection
	GlobalSection(SolutionProperties) = preSolution
		HideSolutionNode = FALSE
	EndGlobalSection
	GlobalSection(ExtensibilityGlobals) = postSolution
		SolutionGuid = {46E8ED2E-479D-40EA-9BAE-2C0879AECE1E}
	EndGlobalSection
EndGlobal
